
Microsoft Visual Studio Solution File, Format Version 12.00
# Visual Studio 15
VisualStudioVersion = 15.0.27703.2042
MinimumVisualStudioVersion = 10.0.40219.1
Project("{FAE04EC0-301F-11D3-BF4B-00C04F79EFBC}") = "TeamDEV.Asl", "TeamDEV.Asl\TeamDEV.Asl.csproj", "{EA08B6D4-48EC-423E-AE06-3FF51E44CC47}"
EndProject
Project("{FAE04EC0-301F-11D3-BF4B-00C04F79EFBC}") = "TeamDEV.Asl.Test.Console", "TeamDEV.Asl.Test.Console\TeamDEV.Asl.Test.Console.csproj", "{97D676D5-B20C-4C46-A4AD-2D15B3FB62BC}"
EndProject
Global
	GlobalSection(SolutionConfigurationPlatforms) = preSolution
		Debug|x64 = Debug|x64
		Debug|x86 = Debug|x86
		Release|x64 = Release|x64
		Release|x86 = Release|x86
	EndGlobalSection
	GlobalSection(ProjectConfigurationPlatforms) = postSolution
		{EA08B6D4-48EC-423E-AE06-3FF51E44CC47}.Debug|x64.ActiveCfg = Debug|x64
		{EA08B6D4-48EC-423E-AE06-3FF51E44CC47}.Debug|x64.Build.0 = Debug|x64
		{EA08B6D4-48EC-423E-AE06-3FF51E44CC47}.Debug|x86.ActiveCfg = Debug|x86
		{EA08B6D4-48EC-423E-AE06-3FF51E44CC47}.Debug|x86.Build.0 = Debug|x86
		{EA08B6D4-48EC-423E-AE06-3FF51E44CC47}.Release|x64.ActiveCfg = Release|x64
		{EA08B6D4-48EC-423E-AE06-3FF51E44CC47}.Release|x64.Build.0 = Release|x64
		{EA08B6D4-48EC-423E-AE06-3FF51E44CC47}.Release|x86.ActiveCfg = Release|x86
		{EA08B6D4-48EC-423E-AE06-3FF51E44CC47}.Release|x86.Build.0 = Release|x86
		{97D676D5-B20C-4C46-A4AD-2D15B3FB62BC}.Debug|x64.ActiveCfg = Debug|x64
		{97D676D5-B20C-4C46-A4AD-2D15B3FB62BC}.Debug|x64.Build.0 = Debug|x64
		{97D676D5-B20C-4C46-A4AD-2D15B3FB62BC}.Debug|x86.ActiveCfg = Debug|x86
		{97D676D5-B20C-4C46-A4AD-2D15B3FB62BC}.Debug|x86.Build.0 = Debug|x86
		{97D676D5-B20C-4C46-A4AD-2D15B3FB62BC}.Release|x64.ActiveCfg = Release|x64
		{97D676D5-B20C-4C46-A4AD-2D15B3FB62BC}.Release|x64.Build.0 = Release|x64
		{97D676D5-B20C-4C46-A4AD-2D15B3FB62BC}.Release|x86.ActiveCfg = Release|x86
		{97D676D5-B20C-4C46-A4AD-2D15B3FB62BC}.Release|x86.Build.0 = Release|x86
	EndGlobalSection
	GlobalSection(SolutionProperties) = preSolution
		HideSolutionNode = FALSE
	EndGlobalSection
	GlobalSection(ExtensibilityGlobals) = postSolution
		SolutionGuid = {30D0CB8F-8235-4E0B-9874-4A7E7B717DD6}
	EndGlobalSection
EndGlobal
